
Microsoft Visual Studio Solution File, Format Version 12.00
# Visual Studio Version 17
VisualStudioVersion = 17.9.34310.174
MinimumVisualStudioVersion = 10.0.40219.1
Project("{8BC9CEB8-8B4A-11D0-8D11-00A0C91BC942}") = "Chess", "Chess\Chess.vcxproj", "{2C633D09-F771-44A6-83BB-3C087D0CA7F6}"
EndProject
Project("{8BC9CEB8-8B4A-11D0-8D11-00A0C91BC942}") = "Sample-Test1", "Sample-Test1\Sample-Test1.vcxproj", "{F0B1EC5D-3274-4E0D-AFB5-4BC587419F80}"
	ProjectSection(ProjectDependencies) = postProject
		{2C633D09-F771-44A6-83BB-3C087D0CA7F6} = {2C633D09-F771-44A6-83BB-3C087D0CA7F6}
	EndProjectSection
EndProject
Project("{8BC9CEB8-8B4A-11D0-8D11-00A0C91BC942}") = "ChessExe", "ChessExe\ChessExe.vcxproj", "{D2AF76E0-C400-44C3-A6F4-D68B2BE43456}"
	ProjectSection(ProjectDependencies) = postProject
		{2C633D09-F771-44A6-83BB-3C087D0CA7F6} = {2C633D09-F771-44A6-83BB-3C087D0CA7F6}
	EndProjectSection
EndProject
Global
	GlobalSection(SolutionConfigurationPlatforms) = preSolution
		Debug|x64 = Debug|x64
		Debug|x86 = Debug|x86
		Release|x64 = Release|x64
		Release|x86 = Release|x86
	EndGlobalSection
	GlobalSection(ProjectConfigurationPlatforms) = postSolution
		{2C633D09-F771-44A6-83BB-3C087D0CA7F6}.Debug|x64.ActiveCfg = Debug|x64
		{2C633D09-F771-44A6-83BB-3C087D0CA7F6}.Debug|x64.Build.0 = Debug|x64
		{2C633D09-F771-44A6-83BB-3C087D0CA7F6}.Debug|x86.ActiveCfg = Debug|Win32
		{2C633D09-F771-44A6-83BB-3C087D0CA7F6}.Debug|x86.Build.0 = Debug|Win32
		{2C633D09-F771-44A6-83BB-3C087D0CA7F6}.Release|x64.ActiveCfg = Release|x64
		{2C633D09-F771-44A6-83BB-3C087D0CA7F6}.Release|x64.Build.0 = Release|x64
		{2C633D09-F771-44A6-83BB-3C087D0CA7F6}.Release|x86.ActiveCfg = Release|Win32
		{2C633D09-F771-44A6-83BB-3C087D0CA7F6}.Release|x86.Build.0 = Release|Win32
		{F0B1EC5D-3274-4E0D-AFB5-4BC587419F80}.Debug|x64.ActiveCfg = Debug|x64
		{F0B1EC5D-3274-4E0D-AFB5-4BC587419F80}.Debug|x64.Build.0 = Debug|x64
		{F0B1EC5D-3274-4E0D-AFB5-4BC587419F80}.Debug|x86.ActiveCfg = Debug|Win32
		{F0B1EC5D-3274-4E0D-AFB5-4BC587419F80}.Debug|x86.Build.0 = Debug|Win32
		{F0B1EC5D-3274-4E0D-AFB5-4BC587419F80}.Release|x64.ActiveCfg = Release|x64
		{F0B1EC5D-3274-4E0D-AFB5-4BC587419F80}.Release|x64.Build.0 = Release|x64
		{F0B1EC5D-3274-4E0D-AFB5-4BC587419F80}.Release|x86.ActiveCfg = Release|Win32
		{F0B1EC5D-3274-4E0D-AFB5-4BC587419F80}.Release|x86.Build.0 = Release|Win32
		{D2AF76E0-C400-44C3-A6F4-D68B2BE43456}.Debug|x64.ActiveCfg = Debug|x64
		{D2AF76E0-C400-44C3-A6F4-D68B2BE43456}.Debug|x64.Build.0 = Debug|x64
		{D2AF76E0-C400-44C3-A6F4-D68B2BE43456}.Debug|x86.ActiveCfg = Debug|Win32
		{D2AF76E0-C400-44C3-A6F4-D68B2BE43456}.Debug|x86.Build.0 = Debug|Win32
		{D2AF76E0-C400-44C3-A6F4-D68B2BE43456}.Release|x64.ActiveCfg = Release|x64
		{D2AF76E0-C400-44C3-A6F4-D68B2BE43456}.Release|x64.Build.0 = Release|x64
		{D2AF76E0-C400-44C3-A6F4-D68B2BE43456}.Release|x86.ActiveCfg = Release|Win32
		{D2AF76E0-C400-44C3-A6F4-D68B2BE43456}.Release|x86.Build.0 = Release|Win32
	EndGlobalSection
	GlobalSection(SolutionProperties) = preSolution
		HideSolutionNode = FALSE
	EndGlobalSection
	GlobalSection(ExtensibilityGlobals) = postSolution
		SolutionGuid = {44F120CB-B559-4740-866B-29DBBF5F4656}
	EndGlobalSection
EndGlobal
