<?xml version="1.0" encoding="utf-8"?>
<Project ToolsVersion="4.0" xmlns="http://schemas.microsoft.com/developer/msbuild/2003">
  <ItemGroup>
    <Filter Include="Source Files">
      <UniqueIdentifier>{4FC737F1-C7A5-4376-A066-2A32D752A2FF}</UniqueIdentifier>
      <Extensions>cpp;c;cc;cxx;c++;cppm;ixx;def;odl;idl;hpj;bat;asm;asmx</Extensions>
    </Filter>
    <Filter Include="Header Files">
      <UniqueIdentifier>{93995380-89BD-4b04-88EB-625FBE52EBFB}</UniqueIdentifier>
      <Extensions>h;hh;hpp;hxx;h++;hm;inl;inc;ipp;xsd</Extensions>
    </Filter>
    <Filter Include="Resource Files">
      <UniqueIdentifier>{67DA6AB6-F800-4c08-8B7A-83BB121AAD01}</UniqueIdentifier>
      <Extensions>rc;ico;cur;bmp;dlg;rc2;rct;bin;rgs;gif;jpg;jpeg;jpe;resx;tiff;tif;png;wav;mfcribbon-ms</Extensions>
    </Filter>
    <Filter Include="Header Files\Interface">
      <UniqueIdentifier>{40a997b5-cf96-4a34-98ad-da30960402db}</UniqueIdentifier>
    </Filter>
    <Filter Include="Source Files\Interface">
      <UniqueIdentifier>{a38f086c-a733-417f-8fed-722e7b69ce99}</UniqueIdentifier>
    </Filter>
  </ItemGroup>
  <ItemGroup>
    <ClCompile Include="source/Main.cpp">
      <Filter>Source Files</Filter>
    </ClCompile>
    <ClCompile Include="source/Helper.cpp">
      <Filter>Source Files</Filter>
    </ClCompile>
    <ClCompile Include="source/Game.cpp">
      <Filter>Source Files</Filter>
    </ClCompile>
    <ClCompile Include="source/Texture.cpp">
      <Filter>Source Files</Filter>
    </ClCompile>
    <ClCompile Include="source/Cell.cpp">
      <Filter>Source Files</Filter>
    </ClCompile>
    <ClCompile Include="source/Board.cpp">
      <Filter>Source Files</Filter>
    </ClCompile>
    <ClCompile Include="source/Figure.cpp">
      <Filter>Source Files</Filter>
    </ClCompile>
    <ClCompile Include="source/Window.cpp">
      <Filter>Source Files</Filter>
    </ClCompile>
    <ClCompile Include="source/interface/ICell.cpp">
      <Filter>Source Files\Interface</Filter>
    </ClCompile>
    <ClCompile Include="source/interface/ITexture.cpp">
      <Filter>Source Files\Interface</Filter>
    </ClCompile>
    <ClCompile Include="source/interface/IFigure.cpp">
      <Filter>Source Files\Interface</Filter>
    </ClCompile>
    <ClCompile Include="source/interface/IBoard.cpp">
      <Filter>Source Files\Interface</Filter>
    </ClCompile>
    <ClCompile Include="source/interface/IGame.cpp">
      <Filter>Source Files\Interface</Filter>
    </ClCompile>
    <ClCompile Include="source/interface/IWindow.cpp">
      <Filter>Source Files\Interface</Filter>
    </ClCompile>
    <ClCompile Include="source/RectangleShape.cpp">
      <Filter>Source Files</Filter>
    </ClCompile>
    <ClCompile Include="source/interface/IRectangleShape.cpp">
      <Filter>Source Files\Interface</Filter>
    </ClCompile>
    <ClCompile Include="source/interface/IEvent.cpp">
      <Filter>Source Files\Interface</Filter>
    </ClCompile>
    <ClCompile Include="source/Event.cpp">
      <Filter>Source Files</Filter>
    </ClCompile>
  </ItemGroup>
  <ItemGroup>
    <ClInclude Include="include/Helper.h">
      <Filter>Header Files</Filter>
    </ClInclude>
    <ClInclude Include="include/Game.h">
      <Filter>Header Files</Filter>
    </ClInclude>
    <ClInclude Include="include/Texture.h">
      <Filter>Header Files</Filter>
    </ClInclude>
    <ClInclude Include="include/Cell.h">
      <Filter>Header Files</Filter>
    </ClInclude>
    <ClInclude Include="include/Board.h">
      <Filter>Header Files</Filter>
    </ClInclude>
    <ClInclude Include="include/Figure.h">
      <Filter>Header Files</Filter>
    </ClInclude>
    <ClInclude Include="include/Window.h">
      <Filter>Header Files</Filter>
    </ClInclude>
    <ClInclude Include="include/interface/IBoard.h">
      <Filter>Header Files\Interface</Filter>
    </ClInclude>
    <ClInclude Include="include/interface/ITexture.h">
      <Filter>Header Files\Interface</Filter>
    </ClInclude>
    <ClInclude Include="include/interface/IFigure.h">
      <Filter>Header Files\Interface</Filter>
    </ClInclude>
    <ClInclude Include="include/interface/ICell.h">
      <Filter>Header Files\Interface</Filter>
    </ClInclude>
    <ClInclude Include="include/interface/IGame.h">
      <Filter>Header Files\Interface</Filter>
    </ClInclude>
    <ClInclude Include="include/interface/IWindow.h">
      <Filter>Header Files\Interface</Filter>
    </ClInclude>
    <ClInclude Include="include/RectangleShape.h">
      <Filter>Header Files</Filter>
    </ClInclude>
    <ClInclude Include="include/interface/IRectangleShape.h">
      <Filter>Header Files\Interface</Filter>
    </ClInclude>
    <ClInclude Include="include/interface/IEvent.h">
      <Filter>Header Files\Interface</Filter>
    </ClInclude>
    <ClInclude Include="include/Event.h">
      <Filter>Header Files</Filter>
    </ClInclude>
  </ItemGroup>
</Project>